// !$*UTF8*$!
{
	archiveVersion = 1;
	classes = {
	};
	objectVersion = 55;
	objects = {

/* Begin PBXBuildFile section */
		BAE96AC3293CCEAA000E70E7 /* AppDelegate.swift in Sources */ = {isa = PBXBuildFile; fileRef = BAE96AC2293CCEAA000E70E7 /* AppDelegate.swift */; };
		BAE96AC5293CCEAA000E70E7 /* SceneDelegate.swift in Sources */ = {isa = PBXBuildFile; fileRef = BAE96AC4293CCEAA000E70E7 /* SceneDelegate.swift */; };
		BAE96ACC293CCEAA000E70E7 /* Assets.xcassets in Resources */ = {isa = PBXBuildFile; fileRef = BAE96ACB293CCEAA000E70E7 /* Assets.xcassets */; };
		BAE96ACF293CCEAA000E70E7 /* LaunchScreen.storyboard in Resources */ = {isa = PBXBuildFile; fileRef = BAE96ACD293CCEAA000E70E7 /* LaunchScreen.storyboard */; };
		BAE96AD7293CD0F8000E70E7 /* TabBarController.swift in Sources */ = {isa = PBXBuildFile; fileRef = BAE96AD6293CD0F8000E70E7 /* TabBarController.swift */; };
		BAE96AD9293CD16D000E70E7 /* CurrentTemperatureController.swift in Sources */ = {isa = PBXBuildFile; fileRef = BAE96AD8293CD16D000E70E7 /* CurrentTemperatureController.swift */; };
		BAE96ADB293CD174000E70E7 /* ForecastViewController.swift in Sources */ = {isa = PBXBuildFile; fileRef = BAE96ADA293CD174000E70E7 /* ForecastViewController.swift */; };
		BAE96ADD293CD5A1000E70E7 /* MainTemperatureViewCell.swift in Sources */ = {isa = PBXBuildFile; fileRef = BAE96ADC293CD5A1000E70E7 /* MainTemperatureViewCell.swift */; };
		BAE96ADF293CD5B7000E70E7 /* Weather.swift in Sources */ = {isa = PBXBuildFile; fileRef = BAE96ADE293CD5B7000E70E7 /* Weather.swift */; };
		BAE96AE1293CD5BD000E70E7 /* Forecast.swift in Sources */ = {isa = PBXBuildFile; fileRef = BAE96AE0293CD5BD000E70E7 /* Forecast.swift */; };
		BAE96AE8293CD656000E70E7 /* ForecastCollectionViewCell.swift in Sources */ = {isa = PBXBuildFile; fileRef = BAE96AE7293CD656000E70E7 /* ForecastCollectionViewCell.swift */; };
		BAE96AEA293CD66F000E70E7 /* ForecastInternalCell.swift in Sources */ = {isa = PBXBuildFile; fileRef = BAE96AE9293CD66F000E70E7 /* ForecastInternalCell.swift */; };
/* End PBXBuildFile section */

/* Begin PBXFileReference section */
		BAE96ABF293CCEAA000E70E7 /* WeatherProgrammatically.app */ = {isa = PBXFileReference; explicitFileType = wrapper.application; includeInIndex = 0; path = WeatherProgrammatically.app; sourceTree = BUILT_PRODUCTS_DIR; };
		BAE96AC2293CCEAA000E70E7 /* AppDelegate.swift */ = {isa = PBXFileReference; lastKnownFileType = sourcecode.swift; path = AppDelegate.swift; sourceTree = "<group>"; };
		BAE96AC4293CCEAA000E70E7 /* SceneDelegate.swift */ = {isa = PBXFileReference; lastKnownFileType = sourcecode.swift; path = SceneDelegate.swift; sourceTree = "<group>"; };
		BAE96ACB293CCEAA000E70E7 /* Assets.xcassets */ = {isa = PBXFileReference; lastKnownFileType = folder.assetcatalog; path = Assets.xcassets; sourceTree = "<group>"; };
		BAE96ACE293CCEAA000E70E7 /* Base */ = {isa = PBXFileReference; lastKnownFileType = file.storyboard; name = Base; path = Base.lproj/LaunchScreen.storyboard; sourceTree = "<group>"; };
		BAE96AD0293CCEAA000E70E7 /* Info.plist */ = {isa = PBXFileReference; lastKnownFileType = text.plist.xml; path = Info.plist; sourceTree = "<group>"; };
		BAE96AD6293CD0F8000E70E7 /* TabBarController.swift */ = {isa = PBXFileReference; lastKnownFileType = sourcecode.swift; path = TabBarController.swift; sourceTree = "<group>"; };
		BAE96AD8293CD16D000E70E7 /* CurrentTemperatureController.swift */ = {isa = PBXFileReference; lastKnownFileType = sourcecode.swift; path = CurrentTemperatureController.swift; sourceTree = "<group>"; };
		BAE96ADA293CD174000E70E7 /* ForecastViewController.swift */ = {isa = PBXFileReference; lastKnownFileType = sourcecode.swift; path = ForecastViewController.swift; sourceTree = "<group>"; };
		BAE96ADC293CD5A1000E70E7 /* MainTemperatureViewCell.swift */ = {isa = PBXFileReference; lastKnownFileType = sourcecode.swift; path = MainTemperatureViewCell.swift; sourceTree = "<group>"; };
		BAE96ADE293CD5B7000E70E7 /* Weather.swift */ = {isa = PBXFileReference; lastKnownFileType = sourcecode.swift; path = Weather.swift; sourceTree = "<group>"; };
		BAE96AE0293CD5BD000E70E7 /* Forecast.swift */ = {isa = PBXFileReference; lastKnownFileType = sourcecode.swift; path = Forecast.swift; sourceTree = "<group>"; };
		BAE96AE7293CD656000E70E7 /* ForecastCollectionViewCell.swift */ = {isa = PBXFileReference; lastKnownFileType = sourcecode.swift; path = ForecastCollectionViewCell.swift; sourceTree = "<group>"; };
		BAE96AE9293CD66F000E70E7 /* ForecastInternalCell.swift */ = {isa = PBXFileReference; lastKnownFileType = sourcecode.swift; path = ForecastInternalCell.swift; sourceTree = "<group>"; };
/* End PBXFileReference section */

/* Begin PBXFrameworksBuildPhase section */
		BAE96ABC293CCEAA000E70E7 /* Frameworks */ = {
			isa = PBXFrameworksBuildPhase;
			buildActionMask = 2147483647;
			files = (
			);
			runOnlyForDeploymentPostprocessing = 0;
		};
/* End PBXFrameworksBuildPhase section */

/* Begin PBXGroup section */
		BAE96AB6293CCEA9000E70E7 = {
			isa = PBXGroup;
			children = (
				BAE96AC1293CCEAA000E70E7 /* WeatherProgrammatically */,
				BAE96AC0293CCEAA000E70E7 /* Products */,
			);
			sourceTree = "<group>";
		};
		BAE96AC0293CCEAA000E70E7 /* Products */ = {
			isa = PBXGroup;
			children = (
				BAE96ABF293CCEAA000E70E7 /* WeatherProgrammatically.app */,
			);
			name = Products;
			sourceTree = "<group>";
		};
		BAE96AC1293CCEAA000E70E7 /* WeatherProgrammatically */ = {
			isa = PBXGroup;
			children = (
				BAE96AC2293CCEAA000E70E7 /* AppDelegate.swift */,
				BAE96AC4293CCEAA000E70E7 /* SceneDelegate.swift */,
				BAE96AD6293CD0F8000E70E7 /* TabBarController.swift */,
				BAE96AE5293CD5E8000E70E7 /* CurrentTemperatureController */,
				BAE96AEC293CD688000E70E7 /* ForecastCollectionView */,
				BAE96ACB293CCEAA000E70E7 /* Assets.xcassets */,
				BAE96ACD293CCEAA000E70E7 /* LaunchScreen.storyboard */,
				BAE96AD0293CCEAA000E70E7 /* Info.plist */,
			);
			path = WeatherProgrammatically;
			sourceTree = "<group>";
		};
		BAE96AE2293CD5C5000E70E7 /* Model */ = {
			isa = PBXGroup;
			children = (
				BAE96ADE293CD5B7000E70E7 /* Weather.swift */,
				BAE96AE0293CD5BD000E70E7 /* Forecast.swift */,
			);
			path = Model;
			sourceTree = "<group>";
		};
		BAE96AE3293CD5D1000E70E7 /* Controller */ = {
			isa = PBXGroup;
			children = (
				BAE96AD8293CD16D000E70E7 /* CurrentTemperatureController.swift */,
			);
			path = Controller;
			sourceTree = "<group>";
		};
		BAE96AE4293CD5DC000E70E7 /* View */ = {
			isa = PBXGroup;
			children = (
				BAE96ADC293CD5A1000E70E7 /* MainTemperatureViewCell.swift */,
			);
			path = View;
			sourceTree = "<group>";
		};
		BAE96AE5293CD5E8000E70E7 /* CurrentTemperatureController */ = {
			isa = PBXGroup;
			children = (
				BAE96AE3293CD5D1000E70E7 /* Controller */,
				BAE96AE4293CD5DC000E70E7 /* View */,
				BAE96AE2293CD5C5000E70E7 /* Model */,
			);
			path = CurrentTemperatureController;
			sourceTree = "<group>";
		};
		BAE96AE6293CD63A000E70E7 /* Controller */ = {
			isa = PBXGroup;
			children = (
				BAE96ADA293CD174000E70E7 /* ForecastViewController.swift */,
			);
			path = Controller;
			sourceTree = "<group>";
		};
		BAE96AEB293CD677000E70E7 /* View */ = {
			isa = PBXGroup;
			children = (
				BAE96AE7293CD656000E70E7 /* ForecastCollectionViewCell.swift */,
				BAE96AE9293CD66F000E70E7 /* ForecastInternalCell.swift */,
			);
			path = View;
			sourceTree = "<group>";
		};
		BAE96AEC293CD688000E70E7 /* ForecastCollectionView */ = {
			isa = PBXGroup;
			children = (
				BAE96AE6293CD63A000E70E7 /* Controller */,
				BAE96AEB293CD677000E70E7 /* View */,
			);
			path = ForecastCollectionView;
			sourceTree = "<group>";
		};
/* End PBXGroup section */

/* Begin PBXNativeTarget section */
		BAE96ABE293CCEAA000E70E7 /* WeatherProgrammatically */ = {
			isa = PBXNativeTarget;
			buildConfigurationList = BAE96AD3293CCEAA000E70E7 /* Build configuration list for PBXNativeTarget "WeatherProgrammatically" */;
			buildPhases = (
				BAE96ABB293CCEAA000E70E7 /* Sources */,
				BAE96ABC293CCEAA000E70E7 /* Frameworks */,
				BAE96ABD293CCEAA000E70E7 /* Resources */,
			);
			buildRules = (
			);
			dependencies = (
			);
			name = WeatherProgrammatically;
			productName = WeatherProgrammatically;
			productReference = BAE96ABF293CCEAA000E70E7 /* WeatherProgrammatically.app */;
			productType = "com.apple.product-type.application";
		};
/* End PBXNativeTarget section */

/* Begin PBXProject section */
		BAE96AB7293CCEA9000E70E7 /* Project object */ = {
			isa = PBXProject;
			attributes = {
				BuildIndependentTargetsInParallel = 1;
				LastSwiftUpdateCheck = 1340;
				LastUpgradeCheck = 1340;
				TargetAttributes = {
					BAE96ABE293CCEAA000E70E7 = {
						CreatedOnToolsVersion = 13.4.1;
					};
				};
			};
			buildConfigurationList = BAE96ABA293CCEA9000E70E7 /* Build configuration list for PBXProject "WeatherProgrammatically" */;
			compatibilityVersion = "Xcode 13.0";
			developmentRegion = en;
			hasScannedForEncodings = 0;
			knownRegions = (
				en,
				Base,
			);
			mainGroup = BAE96AB6293CCEA9000E70E7;
			productRefGroup = BAE96AC0293CCEAA000E70E7 /* Products */;
			projectDirPath = "";
			projectRoot = "";
			targets = (
				BAE96ABE293CCEAA000E70E7 /* WeatherProgrammatically */,
			);
		};
/* End PBXProject section */

/* Begin PBXResourcesBuildPhase section */
		BAE96ABD293CCEAA000E70E7 /* Resources */ = {
			isa = PBXResourcesBuildPhase;
			buildActionMask = 2147483647;
			files = (
				BAE96ACF293CCEAA000E70E7 /* LaunchScreen.storyboard in Resources */,
				BAE96ACC293CCEAA000E70E7 /* Assets.xcassets in Resources */,
			);
			runOnlyForDeploymentPostprocessing = 0;
		};
/* End PBXResourcesBuildPhase section */

/* Begin PBXSourcesBuildPhase section */
		BAE96ABB293CCEAA000E70E7 /* Sources */ = {
			isa = PBXSourcesBuildPhase;
			buildActionMask = 2147483647;
			files = (
				BAE96AE1293CD5BD000E70E7 /* Forecast.swift in Sources */,
				BAE96ADB293CD174000E70E7 /* ForecastViewController.swift in Sources */,
				BAE96AD9293CD16D000E70E7 /* CurrentTemperatureController.swift in Sources */,
				BAE96AEA293CD66F000E70E7 /* ForecastInternalCell.swift in Sources */,
				BAE96AD7293CD0F8000E70E7 /* TabBarController.swift in Sources */,
				BAE96AC3293CCEAA000E70E7 /* AppDelegate.swift in Sources */,
				BAE96AE8293CD656000E70E7 /* ForecastCollectionViewCell.swift in Sources */,
				BAE96ADD293CD5A1000E70E7 /* MainTemperatureViewCell.swift in Sources */,
				BAE96AC5293CCEAA000E70E7 /* SceneDelegate.swift in Sources */,
				BAE96ADF293CD5B7000E70E7 /* Weather.swift in Sources */,
			);
			runOnlyForDeploymentPostprocessing = 0;
		};
/* End PBXSourcesBuildPhase section */

/* Begin PBXVariantGroup section */
		BAE96ACD293CCEAA000E70E7 /* LaunchScreen.storyboard */ = {
			isa = PBXVariantGroup;
			children = (
				BAE96ACE293CCEAA000E70E7 /* Base */,
			);
			name = LaunchScreen.storyboard;
			sourceTree = "<group>";
		};
/* End PBXVariantGroup section */

/* Begin XCBuildConfiguration section */
		BAE96AD1293CCEAA000E70E7 /* Debug */ = {
			isa = XCBuildConfiguration;
			buildSettings = {
				ALWAYS_SEARCH_USER_PATHS = NO;
				CLANG_ANALYZER_NONNULL = YES;
				CLANG_ANALYZER_NUMBER_OBJECT_CONVERSION = YES_AGGRESSIVE;
				CLANG_CXX_LANGUAGE_STANDARD = "gnu++17";
				CLANG_ENABLE_MODULES = YES;
				CLANG_ENABLE_OBJC_ARC = YES;
				CLANG_ENABLE_OBJC_WEAK = YES;
				CLANG_WARN_BLOCK_CAPTURE_AUTORELEASING = YES;
				CLANG_WARN_BOOL_CONVERSION = YES;
				CLANG_WARN_COMMA = YES;
				CLANG_WARN_CONSTANT_CONVERSION = YES;
				CLANG_WARN_DEPRECATED_OBJC_IMPLEMENTATIONS = YES;
				CLANG_WARN_DIRECT_OBJC_ISA_USAGE = YES_ERROR;
				CLANG_WARN_DOCUMENTATION_COMMENTS = YES;
				CLANG_WARN_EMPTY_BODY = YES;
				CLANG_WARN_ENUM_CONVERSION = YES;
				CLANG_WARN_INFINITE_RECURSION = YES;
				CLANG_WARN_INT_CONVERSION = YES;
				CLANG_WARN_NON_LITERAL_NULL_CONVERSION = YES;
				CLANG_WARN_OBJC_IMPLICIT_RETAIN_SELF = YES;
				CLANG_WARN_OBJC_LITERAL_CONVERSION = YES;
				CLANG_WARN_OBJC_ROOT_CLASS = YES_ERROR;
				CLANG_WARN_QUOTED_INCLUDE_IN_FRAMEWORK_HEADER = YES;
				CLANG_WARN_RANGE_LOOP_ANALYSIS = YES;
				CLANG_WARN_STRICT_PROTOTYPES = YES;
				CLANG_WARN_SUSPICIOUS_MOVE = YES;
				CLANG_WARN_UNGUARDED_AVAILABILITY = YES_AGGRESSIVE;
				CLANG_WARN_UNREACHABLE_CODE = YES;
				CLANG_WARN__DUPLICATE_METHOD_MATCH = YES;
				COPY_PHASE_STRIP = NO;
				DEBUG_INFORMATION_FORMAT = dwarf;
				ENABLE_STRICT_OBJC_MSGSEND = YES;
				ENABLE_TESTABILITY = YES;
				GCC_C_LANGUAGE_STANDARD = gnu11;
				GCC_DYNAMIC_NO_PIC = NO;
				GCC_NO_COMMON_BLOCKS = YES;
				GCC_OPTIMIZATION_LEVEL = 0;
				GCC_PREPROCESSOR_DEFINITIONS = (
					"DEBUG=1",
					"$(inherited)",
				);
				GCC_WARN_64_TO_32_BIT_CONVERSION = YES;
				GCC_WARN_ABOUT_RETURN_TYPE = YES_ERROR;
				GCC_WARN_UNDECLARED_SELECTOR = YES;
				GCC_WARN_UNINITIALIZED_AUTOS = YES_AGGRESSIVE;
				GCC_WARN_UNUSED_FUNCTION = YES;
				GCC_WARN_UNUSED_VARIABLE = YES;
				IPHONEOS_DEPLOYMENT_TARGET = 15.5;
				MTL_ENABLE_DEBUG_INFO = INCLUDE_SOURCE;
				MTL_FAST_MATH = YES;
				ONLY_ACTIVE_ARCH = YES;
				SDKROOT = iphoneos;
				SWIFT_ACTIVE_COMPILATION_CONDITIONS = DEBUG;
				SWIFT_OPTIMIZATION_LEVEL = "-Onone";
			};
			name = Debug;
		};
		BAE96AD2293CCEAA000E70E7 /* Release */ = {
			isa = XCBuildConfiguration;
			buildSettings = {
				ALWAYS_SEARCH_USER_PATHS = NO;
				CLANG_ANALYZER_NONNULL = YES;
				CLANG_ANALYZER_NUMBER_OBJECT_CONVERSION = YES_AGGRESSIVE;
				CLANG_CXX_LANGUAGE_STANDARD = "gnu++17";
				CLANG_ENABLE_MODULES = YES;
				CLANG_ENABLE_OBJC_ARC = YES;
				CLANG_ENABLE_OBJC_WEAK = YES;
				CLANG_WARN_BLOCK_CAPTURE_AUTORELEASING = YES;
				CLANG_WARN_BOOL_CONVERSION = YES;
				CLANG_WARN_COMMA = YES;
				CLANG_WARN_CONSTANT_CONVERSION = YES;
				CLANG_WARN_DEPRECATED_OBJC_IMPLEMENTATIONS = YES;
				CLANG_WARN_DIRECT_OBJC_ISA_USAGE = YES_ERROR;
				CLANG_WARN_DOCUMENTATION_COMMENTS = YES;
				CLANG_WARN_EMPTY_BODY = YES;
				CLANG_WARN_ENUM_CONVERSION = YES;
				CLANG_WARN_INFINITE_RECURSION = YES;
				CLANG_WARN_INT_CONVERSION = YES;
				CLANG_WARN_NON_LITERAL_NULL_CONVERSION = YES;
				CLANG_WARN_OBJC_IMPLICIT_RETAIN_SELF = YES;
				CLANG_WARN_OBJC_LITERAL_CONVERSION = YES;
				CLANG_WARN_OBJC_ROOT_CLASS = YES_ERROR;
				CLANG_WARN_QUOTED_INCLUDE_IN_FRAMEWORK_HEADER = YES;
				CLANG_WARN_RANGE_LOOP_ANALYSIS = YES;
				CLANG_WARN_STRICT_PROTOTYPES = YES;
				CLANG_WARN_SUSPICIOUS_MOVE = YES;
				CLANG_WARN_UNGUARDED_AVAILABILITY = YES_AGGRESSIVE;
				CLANG_WARN_UNREACHABLE_CODE = YES;
				CLANG_WARN__DUPLICATE_METHOD_MATCH = YES;
				COPY_PHASE_STRIP = NO;
				DEBUG_INFORMATION_FORMAT = "dwarf-with-dsym";
				ENABLE_NS_ASSERTIONS = NO;
				ENABLE_STRICT_OBJC_MSGSEND = YES;
				GCC_C_LANGUAGE_STANDARD = gnu11;
				GCC_NO_COMMON_BLOCKS = YES;
				GCC_WARN_64_TO_32_BIT_CONVERSION = YES;
				GCC_WARN_ABOUT_RETURN_TYPE = YES_ERROR;
				GCC_WARN_UNDECLARED_SELECTOR = YES;
				GCC_WARN_UNINITIALIZED_AUTOS = YES_AGGRESSIVE;
				GCC_WARN_UNUSED_FUNCTION = YES;
				GCC_WARN_UNUSED_VARIABLE = YES;
				IPHONEOS_DEPLOYMENT_TARGET = 15.5;
				MTL_ENABLE_DEBUG_INFO = NO;
				MTL_FAST_MATH = YES;
				SDKROOT = iphoneos;
				SWIFT_COMPILATION_MODE = wholemodule;
				SWIFT_OPTIMIZATION_LEVEL = "-O";
				VALIDATE_PRODUCT = YES;
			};
			name = Release;
		};
		BAE96AD4293CCEAA000E70E7 /* Debug */ = {
			isa = XCBuildConfiguration;
			buildSettings = {
				ASSETCATALOG_COMPILER_APPICON_NAME = AppIcon;
				ASSETCATALOG_COMPILER_GLOBAL_ACCENT_COLOR_NAME = AccentColor;
				CODE_SIGN_STYLE = Automatic;
				CURRENT_PROJECT_VERSION = 1;
				DEVELOPMENT_TEAM = ZYA49Z9NMV;
				GENERATE_INFOPLIST_FILE = YES;
				INFOPLIST_FILE = WeatherProgrammatically/Info.plist;
				INFOPLIST_KEY_UIApplicationSupportsIndirectInputEvents = YES;
				INFOPLIST_KEY_UILaunchStoryboardName = LaunchScreen;
				INFOPLIST_KEY_UIRequiresFullScreen = YES;
				INFOPLIST_KEY_UISupportedInterfaceOrientations = UIInterfaceOrientationPortrait;
				INFOPLIST_KEY_UISupportedInterfaceOrientations_iPad = "UIInterfaceOrientationPortrait UIInterfaceOrientationPortraitUpsideDown UIInterfaceOrientationLandscapeLeft UIInterfaceOrientationLandscapeRight";
				INFOPLIST_KEY_UISupportedInterfaceOrientations_iPhone = "UIInterfaceOrientationPortrait UIInterfaceOrientationLandscapeLeft UIInterfaceOrientationLandscapeRight";
				IPHONEOS_DEPLOYMENT_TARGET = 13.0;
				LD_RUNPATH_SEARCH_PATHS = (
					"$(inherited)",
					"@executable_path/Frameworks",
				);
				MARKETING_VERSION = 1.0;
				PRODUCT_BUNDLE_IDENTIFIER = Pavlomat.WeatherProgrammatically;
				PRODUCT_NAME = "$(TARGET_NAME)";
				SWIFT_EMIT_LOC_STRINGS = YES;
				SWIFT_VERSION = 5.0;
				TARGETED_DEVICE_FAMILY = "1,2";
			};
			name = Debug;
		};
		BAE96AD5293CCEAA000E70E7 /* Release */ = {
			isa = XCBuildConfiguration;
			buildSettings = {
				ASSETCATALOG_COMPILER_APPICON_NAME = AppIcon;
				ASSETCATALOG_COMPILER_GLOBAL_ACCENT_COLOR_NAME = AccentColor;
				CODE_SIGN_STYLE = Automatic;
				CURRENT_PROJECT_VERSION = 1;
				DEVELOPMENT_TEAM = ZYA49Z9NMV;
				GENERATE_INFOPLIST_FILE = YES;
				INFOPLIST_FILE = WeatherProgrammatically/Info.plist;
				INFOPLIST_KEY_UIApplicationSupportsIndirectInputEvents = YES;
				INFOPLIST_KEY_UILaunchStoryboardName = LaunchScreen;
				INFOPLIST_KEY_UIRequiresFullScreen = YES;
				INFOPLIST_KEY_UISupportedInterfaceOrientations = UIInterfaceOrientationPortrait;
				INFOPLIST_KEY_UISupportedInterfaceOrientations_iPad = "UIInterfaceOrientationPortrait UIInterfaceOrientationPortraitUpsideDown UIInterfaceOrientationLandscapeLeft UIInterfaceOrientationLandscapeRight";
				INFOPLIST_KEY_UISupportedInterfaceOrientations_iPhone = "UIInterfaceOrientationPortrait UIInterfaceOrientationLandscapeLeft UIInterfaceOrientationLandscapeRight";
				IPHONEOS_DEPLOYMENT_TARGET = 13.0;
				LD_RUNPATH_SEARCH_PATHS = (
					"$(inherited)",
					"@executable_path/Frameworks",
				);
				MARKETING_VERSION = 1.0;
				PRODUCT_BUNDLE_IDENTIFIER = Pavlomat.WeatherProgrammatically;
				PRODUCT_NAME = "$(TARGET_NAME)";
				SWIFT_EMIT_LOC_STRINGS = YES;
				SWIFT_VERSION = 5.0;
				TARGETED_DEVICE_FAMILY = "1,2";
			};
			name = Release;
		};
/* End XCBuildConfiguration section */

/* Begin XCConfigurationList section */
		BAE96ABA293CCEA9000E70E7 /* Build configuration list for PBXProject "WeatherProgrammatically" */ = {
			isa = XCConfigurationList;
			buildConfigurations = (
				BAE96AD1293CCEAA000E70E7 /* Debug */,
				BAE96AD2293CCEAA000E70E7 /* Release */,
			);
			defaultConfigurationIsVisible = 0;
			defaultConfigurationName = Release;
		};
		BAE96AD3293CCEAA000E70E7 /* Build configuration list for PBXNativeTarget "WeatherProgrammatically" */ = {
			isa = XCConfigurationList;
			buildConfigurations = (
				BAE96AD4293CCEAA000E70E7 /* Debug */,
				BAE96AD5293CCEAA000E70E7 /* Release */,
			);
			defaultConfigurationIsVisible = 0;
			defaultConfigurationName = Release;
		};
/* End XCConfigurationList section */
	};
	rootObject = BAE96AB7293CCEA9000E70E7 /* Project object */;
}
